
Microsoft Visual Studio Solution File, Format Version 12.00
# Visual Studio Version 17
VisualStudioVersion = 17.8.34525.116
MinimumVisualStudioVersion = 10.0.40219.1
Project("{FAE04EC0-301F-11D3-BF4B-00C04F79EFBC}") = "AoC_Day1_2024", "AoC_Day1_2024\AoC_Day1_2024.csproj", "{153CBB03-4C10-479F-B3C0-ABE272AD4A72}"
EndProject
Project("{FAE04EC0-301F-11D3-BF4B-00C04F79EFBC}") = "AoC_Day2_2024", "AoC_Day2_2024\AoC_Day2_2024.csproj", "{4677A226-FB35-4320-889F-EC7B3BBE5E87}"
EndProject
Project("{FAE04EC0-301F-11D3-BF4B-00C04F79EFBC}") = "AoC_Day3_2024", "AoC_Day3_2024\AoC_Day3_2024.csproj", "{92E1B36F-7F1E-42C4-9B77-A5931B6BA5C7}"
EndProject
Project("{FAE04EC0-301F-11D3-BF4B-00C04F79EFBC}") = "AoC_Day4_2024", "AoC_Day4_2024\AoC_Day4_2024.csproj", "{E3CE5FA7-574C-4197-9BE0-B96835F02201}"
EndProject
Project("{FAE04EC0-301F-11D3-BF4B-00C04F79EFBC}") = "AoC_Day5_2024", "AoC_Day5_2024\AoC_Day5_2024.csproj", "{009BD030-F173-470E-B890-440ADD1294A3}"
EndProject
Global
	GlobalSection(SolutionConfigurationPlatforms) = preSolution
		Debug|Any CPU = Debug|Any CPU
		Release|Any CPU = Release|Any CPU
	EndGlobalSection
	GlobalSection(ProjectConfigurationPlatforms) = postSolution
		{153CBB03-4C10-479F-B3C0-ABE272AD4A72}.Debug|Any CPU.ActiveCfg = Debug|Any CPU
		{153CBB03-4C10-479F-B3C0-ABE272AD4A72}.Debug|Any CPU.Build.0 = Debug|Any CPU
		{153CBB03-4C10-479F-B3C0-ABE272AD4A72}.Release|Any CPU.ActiveCfg = Release|Any CPU
		{153CBB03-4C10-479F-B3C0-ABE272AD4A72}.Release|Any CPU.Build.0 = Release|Any CPU
		{4677A226-FB35-4320-889F-EC7B3BBE5E87}.Debug|Any CPU.ActiveCfg = Debug|Any CPU
		{4677A226-FB35-4320-889F-EC7B3BBE5E87}.Debug|Any CPU.Build.0 = Debug|Any CPU
		{4677A226-FB35-4320-889F-EC7B3BBE5E87}.Release|Any CPU.ActiveCfg = Release|Any CPU
		{4677A226-FB35-4320-889F-EC7B3BBE5E87}.Release|Any CPU.Build.0 = Release|Any CPU
		{92E1B36F-7F1E-42C4-9B77-A5931B6BA5C7}.Debug|Any CPU.ActiveCfg = Debug|Any CPU
		{92E1B36F-7F1E-42C4-9B77-A5931B6BA5C7}.Debug|Any CPU.Build.0 = Debug|Any CPU
		{92E1B36F-7F1E-42C4-9B77-A5931B6BA5C7}.Release|Any CPU.ActiveCfg = Release|Any CPU
		{92E1B36F-7F1E-42C4-9B77-A5931B6BA5C7}.Release|Any CPU.Build.0 = Release|Any CPU
		{E3CE5FA7-574C-4197-9BE0-B96835F02201}.Debug|Any CPU.ActiveCfg = Debug|Any CPU
		{E3CE5FA7-574C-4197-9BE0-B96835F02201}.Debug|Any CPU.Build.0 = Debug|Any CPU
		{E3CE5FA7-574C-4197-9BE0-B96835F02201}.Release|Any CPU.ActiveCfg = Release|Any CPU
		{E3CE5FA7-574C-4197-9BE0-B96835F02201}.Release|Any CPU.Build.0 = Release|Any CPU
		{009BD030-F173-470E-B890-440ADD1294A3}.Debug|Any CPU.ActiveCfg = Debug|Any CPU
		{009BD030-F173-470E-B890-440ADD1294A3}.Debug|Any CPU.Build.0 = Debug|Any CPU
		{009BD030-F173-470E-B890-440ADD1294A3}.Release|Any CPU.ActiveCfg = Release|Any CPU
		{009BD030-F173-470E-B890-440ADD1294A3}.Release|Any CPU.Build.0 = Release|Any CPU
	EndGlobalSection
	GlobalSection(SolutionProperties) = preSolution
		HideSolutionNode = FALSE
	EndGlobalSection
	GlobalSection(ExtensibilityGlobals) = postSolution
		SolutionGuid = {119DA31A-5BB9-4CE5-BAAA-FA3F11870F03}
	EndGlobalSection
EndGlobal
